Microsoft Visual Studio Solution File, Format Version 12.00
# Visual Studio Version 17
VisualStudioVersion = 17.8.34330.188
MinimumVisualStudioVersion = 10.0.40219.1
Project("{FAE04EC0-301F-11D3-BF4B-00C04F79EFBC}") = "DentstageToolApp.Api", "src\DentstageToolApp.Api\DentstageToolApp.Api.csproj", "{DB66C368-844C-4943-A325-BA0881FC4E0C}"
EndProject
Project("{FAE04EC0-301F-11D3-BF4B-00C04F79EFBC}") = "DentstageToolApp.Infrastructure", "src\DentstageToolApp.Infrastructure\DentstageToolApp.Infrastructure.csproj", "{7FDE03A0-1E5F-4E30-9DA6-4EE1268B0F10}"
EndProject
Global
	GlobalSection(SolutionConfigurationPlatforms) = preSolution
		Debug|Any CPU = Debug|Any CPU
		Release|Any CPU = Release|Any CPU
	EndGlobalSection
	GlobalSection(ProjectConfigurationPlatforms) = postSolution
		{DB66C368-844C-4943-A325-BA0881FC4E0C}.Debug|Any CPU.ActiveCfg = Debug|Any CPU
		{DB66C368-844C-4943-A325-BA0881FC4E0C}.Debug|Any CPU.Build.0 = Debug|Any CPU
		{DB66C368-844C-4943-A325-BA0881FC4E0C}.Release|Any CPU.ActiveCfg = Release|Any CPU
		{DB66C368-844C-4943-A325-BA0881FC4E0C}.Release|Any CPU.Build.0 = Release|Any CPU
		{7FDE03A0-1E5F-4E30-9DA6-4EE1268B0F10}.Debug|Any CPU.ActiveCfg = Debug|Any CPU
		{7FDE03A0-1E5F-4E30-9DA6-4EE1268B0F10}.Debug|Any CPU.Build.0 = Debug|Any CPU
		{7FDE03A0-1E5F-4E30-9DA6-4EE1268B0F10}.Release|Any CPU.ActiveCfg = Release|Any CPU
		{7FDE03A0-1E5F-4E30-9DA6-4EE1268B0F10}.Release|Any CPU.Build.0 = Release|Any CPU
	EndGlobalSection
	GlobalSection(SolutionProperties) = preSolution
		HideSolutionNode = FALSE
	EndGlobalSection
	GlobalSection(ExtensibilityGlobals) = postSolution
		SolutionGuid = {6C3F8517-837E-4E5E-99E7-7EA1BC2D7881}
	EndGlobalSection
EndGlobal
